
Microsoft Visual Studio Solution File, Format Version 12.00
# Visual Studio Version 17
VisualStudioVersion = 17.7.34031.279
MinimumVisualStudioVersion = 10.0.40219.1
Project("{FAE04EC0-301F-11D3-BF4B-00C04F79EFBC}") = "Messenger", "Messenger\Messenger.csproj", "{69E8F867-EC5D-4939-8B46-E74109B4A9DB}"
EndProject
Global
	GlobalSection(SolutionConfigurationPlatforms) = preSolution
		Debug|Any CPU = Debug|Any CPU
		Release|Any CPU = Release|Any CPU
	EndGlobalSection
	GlobalSection(ProjectConfigurationPlatforms) = postSolution
		{69E8F867-EC5D-4939-8B46-E74109B4A9DB}.Debug|Any CPU.ActiveCfg = Debug|Any CPU
		{69E8F867-EC5D-4939-8B46-E74109B4A9DB}.Debug|Any CPU.Build.0 = Debug|Any CPU
		{69E8F867-EC5D-4939-8B46-E74109B4A9DB}.Release|Any CPU.ActiveCfg = Release|Any CPU
		{69E8F867-EC5D-4939-8B46-E74109B4A9DB}.Release|Any CPU.Build.0 = Release|Any CPU
	EndGlobalSection
	GlobalSection(SolutionProperties) = preSolution
		HideSolutionNode = FALSE
	EndGlobalSection
	GlobalSection(ExtensibilityGlobals) = postSolution
		SolutionGuid = {9BAA530E-0FE3-4718-9954-654E2935B5FE}
	EndGlobalSection
EndGlobal
